
Microsoft Visual Studio Solution File, Format Version 12.00
# Visual Studio Version 17
VisualStudioVersion = 17.4.33110.190
MinimumVisualStudioVersion = 10.0.40219.1
Project("{FAE04EC0-301F-11D3-BF4B-00C04F79EFBC}") = "ConnectFour.UWP", "ConnectFour\ConnectFour.UWP\ConnectFour.UWP.csproj", "{6BC9D7B9-17A6-4082-95B2-0208DB1CF10C}"
	ProjectSection(ProjectDependencies) = postProject
		{0BBA3F4F-9DDC-4AC9-99E5-C4B8F894451C} = {0BBA3F4F-9DDC-4AC9-99E5-C4B8F894451C}
	EndProjectSection
EndProject
Project("{FAE04EC0-301F-11D3-BF4B-00C04F79EFBC}") = "ConnectFour.Android", "ConnectFour\ConnectFour.Android\ConnectFour.Android.csproj", "{5EB95DD5-4261-4F35-BAAA-04A2ABB2552D}"
EndProject
Project("{FAE04EC0-301F-11D3-BF4B-00C04F79EFBC}") = "ConnectFour.iOS", "ConnectFour\ConnectFour.iOS\ConnectFour.iOS.csproj", "{1A91CC06-02C6-4BAD-B1A4-F790CEA27637}"
EndProject
Project("{9A19103F-16F7-4668-BE54-9A1E7A4F7556}") = "ConnectFour", "ConnectFour\ConnectFour\ConnectFour.csproj", "{6C9AF2B9-7EF9-4AF1-B623-5011DF8A31E0}"
EndProject
Project("{9A19103F-16F7-4668-BE54-9A1E7A4F7556}") = "ConnectFour.Model", "ConnectFour.Model\ConnectFour.Model.csproj", "{0BBA3F4F-9DDC-4AC9-99E5-C4B8F894451C}"
EndProject
Project("{FAE04EC0-301F-11D3-BF4B-00C04F79EFBC}") = "ConnectFour.ViewModel", "ConnectFour.ViewModel\ConnectFour.ViewModel.csproj", "{4D4FBB6F-86F5-4019-A0AD-FE64432A53DF}"
EndProject
Global
	GlobalSection(SolutionConfigurationPlatforms) = preSolution
		Debug|Any CPU = Debug|Any CPU
		Debug|ARM = Debug|ARM
		Debug|iPhone = Debug|iPhone
		Debug|iPhoneSimulator = Debug|iPhoneSimulator
		Debug|x64 = Debug|x64
		Debug|x86 = Debug|x86
		Release|Any CPU = Release|Any CPU
		Release|ARM = Release|ARM
		Release|iPhone = Release|iPhone
		Release|iPhoneSimulator = Release|iPhoneSimulator
		Release|x64 = Release|x64
		Release|x86 = Release|x86
	EndGlobalSection
	GlobalSection(ProjectConfigurationPlatforms) = postSolution
		{6BC9D7B9-17A6-4082-95B2-0208DB1CF10C}.Debug|Any CPU.ActiveCfg = Debug|x64
		{6BC9D7B9-17A6-4082-95B2-0208DB1CF10C}.Debug|Any CPU.Build.0 = Debug|x64
		{6BC9D7B9-17A6-4082-95B2-0208DB1CF10C}.Debug|Any CPU.Deploy.0 = Debug|x64
		{6BC9D7B9-17A6-4082-95B2-0208DB1CF10C}.Debug|ARM.ActiveCfg = Debug|ARM
		{6BC9D7B9-17A6-4082-95B2-0208DB1CF10C}.Debug|ARM.Build.0 = Debug|ARM
		{6BC9D7B9-17A6-4082-95B2-0208DB1CF10C}.Debug|ARM.Deploy.0 = Debug|ARM
		{6BC9D7B9-17A6-4082-95B2-0208DB1CF10C}.Debug|iPhone.ActiveCfg = Debug|x64
		{6BC9D7B9-17A6-4082-95B2-0208DB1CF10C}.Debug|iPhone.Build.0 = Debug|x64
		{6BC9D7B9-17A6-4082-95B2-0208DB1CF10C}.Debug|iPhone.Deploy.0 = Debug|x64
		{6BC9D7B9-17A6-4082-95B2-0208DB1CF10C}.Debug|iPhoneSimulator.ActiveCfg = Debug|x64
		{6BC9D7B9-17A6-4082-95B2-0208DB1CF10C}.Debug|iPhoneSimulator.Build.0 = Debug|x64
		{6BC9D7B9-17A6-4082-95B2-0208DB1CF10C}.Debug|iPhoneSimulator.Deploy.0 = Debug|x64
		{6BC9D7B9-17A6-4082-95B2-0208DB1CF10C}.Debug|x64.ActiveCfg = Debug|x64
		{6BC9D7B9-17A6-4082-95B2-0208DB1CF10C}.Debug|x64.Build.0 = Debug|x64
		{6BC9D7B9-17A6-4082-95B2-0208DB1CF10C}.Debug|x64.Deploy.0 = Debug|x64
		{6BC9D7B9-17A6-4082-95B2-0208DB1CF10C}.Debug|x86.ActiveCfg = Debug|x86
		{6BC9D7B9-17A6-4082-95B2-0208DB1CF10C}.Debug|x86.Build.0 = Debug|x86
		{6BC9D7B9-17A6-4082-95B2-0208DB1CF10C}.Debug|x86.Deploy.0 = Debug|x86
		{6BC9D7B9-17A6-4082-95B2-0208DB1CF10C}.Release|Any CPU.ActiveCfg = Release|x64
		{6BC9D7B9-17A6-4082-95B2-0208DB1CF10C}.Release|Any CPU.Build.0 = Release|x64
		{6BC9D7B9-17A6-4082-95B2-0208DB1CF10C}.Release|Any CPU.Deploy.0 = Release|x64
		{6BC9D7B9-17A6-4082-95B2-0208DB1CF10C}.Release|ARM.ActiveCfg = Release|ARM
		{6BC9D7B9-17A6-4082-95B2-0208DB1CF10C}.Release|ARM.Build.0 = Release|ARM
		{6BC9D7B9-17A6-4082-95B2-0208DB1CF10C}.Release|ARM.Deploy.0 = Release|ARM
		{6BC9D7B9-17A6-4082-95B2-0208DB1CF10C}.Release|iPhone.ActiveCfg = Release|x64
		{6BC9D7B9-17A6-4082-95B2-0208DB1CF10C}.Release|iPhone.Build.0 = Release|x64
		{6BC9D7B9-17A6-4082-95B2-0208DB1CF10C}.Release|iPhone.Deploy.0 = Release|x64
		{6BC9D7B9-17A6-4082-95B2-0208DB1CF10C}.Release|iPhoneSimulator.ActiveCfg = Release|x64
		{6BC9D7B9-17A6-4082-95B2-0208DB1CF10C}.Release|iPhoneSimulator.Build.0 = Release|x64
		{6BC9D7B9-17A6-4082-95B2-0208DB1CF10C}.Release|iPhoneSimulator.Deploy.0 = Release|x64
		{6BC9D7B9-17A6-4082-95B2-0208DB1CF10C}.Release|x64.ActiveCfg = Release|x64
		{6BC9D7B9-17A6-4082-95B2-0208DB1CF10C}.Release|x64.Build.0 = Release|x64
		{6BC9D7B9-17A6-4082-95B2-0208DB1CF10C}.Release|x64.Deploy.0 = Release|x64
		{6BC9D7B9-17A6-4082-95B2-0208DB1CF10C}.Release|x86.ActiveCfg = Release|x86
		{6BC9D7B9-17A6-4082-95B2-0208DB1CF10C}.Release|x86.Build.0 = Release|x86
		{6BC9D7B9-17A6-4082-95B2-0208DB1CF10C}.Release|x86.Deploy.0 = Release|x86
		{5EB95DD5-4261-4F35-BAAA-04A2ABB2552D}.Debug|Any CPU.ActiveCfg = Debug|Any CPU
		{5EB95DD5-4261-4F35-BAAA-04A2ABB2552D}.Debug|Any CPU.Build.0 = Debug|Any CPU
		{5EB95DD5-4261-4F35-BAAA-04A2ABB2552D}.Debug|Any CPU.Deploy.0 = Debug|Any CPU
		{5EB95DD5-4261-4F35-BAAA-04A2ABB2552D}.Debug|ARM.ActiveCfg = Debug|Any CPU
		{5EB95DD5-4261-4F35-BAAA-04A2ABB2552D}.Debug|ARM.Build.0 = Debug|Any CPU
		{5EB95DD5-4261-4F35-BAAA-04A2ABB2552D}.Debug|ARM.Deploy.0 = Debug|Any CPU
		{5EB95DD5-4261-4F35-BAAA-04A2ABB2552D}.Debug|iPhone.ActiveCfg = Debug|Any CPU
		{5EB95DD5-4261-4F35-BAAA-04A2ABB2552D}.Debug|iPhone.Build.0 = Debug|Any CPU
		{5EB95DD5-4261-4F35-BAAA-04A2ABB2552D}.Debug|iPhone.Deploy.0 = Debug|Any CPU
		{5EB95DD5-4261-4F35-BAAA-04A2ABB2552D}.Debug|iPhoneSimulator.ActiveCfg = Debug|Any CPU
		{5EB95DD5-4261-4F35-BAAA-04A2ABB2552D}.Debug|iPhoneSimulator.Build.0 = Debug|Any CPU
		{5EB95DD5-4261-4F35-BAAA-04A2ABB2552D}.Debug|iPhoneSimulator.Deploy.0 = Debug|Any CPU
		{5EB95DD5-4261-4F35-BAAA-04A2ABB2552D}.Debug|x64.ActiveCfg = Debug|Any CPU
		{5EB95DD5-4261-4F35-BAAA-04A2ABB2552D}.Debug|x64.Build.0 = Debug|Any CPU
		{5EB95DD5-4261-4F35-BAAA-04A2ABB2552D}.Debug|x64.Deploy.0 = Debug|Any CPU
		{5EB95DD5-4261-4F35-BAAA-04A2ABB2552D}.Debug|x86.ActiveCfg = Debug|Any CPU
		{5EB95DD5-4261-4F35-BAAA-04A2ABB2552D}.Debug|x86.Build.0 = Debug|Any CPU
		{5EB95DD5-4261-4F35-BAAA-04A2ABB2552D}.Debug|x86.Deploy.0 = Debug|Any CPU
		{5EB95DD5-4261-4F35-BAAA-04A2ABB2552D}.Release|Any CPU.ActiveCfg = Release|Any CPU
		{5EB95DD5-4261-4F35-BAAA-04A2ABB2552D}.Release|Any CPU.Build.0 = Release|Any CPU
		{5EB95DD5-4261-4F35-BAAA-04A2ABB2552D}.Release|Any CPU.Deploy.0 = Release|Any CPU
		{5EB95DD5-4261-4F35-BAAA-04A2ABB2552D}.Release|ARM.ActiveCfg = Release|Any CPU
		{5EB95DD5-4261-4F35-BAAA-04A2ABB2552D}.Release|ARM.Build.0 = Release|Any CPU
		{5EB95DD5-4261-4F35-BAAA-04A2ABB2552D}.Release|ARM.Deploy.0 = Release|Any CPU
		{5EB95DD5-4261-4F35-BAAA-04A2ABB2552D}.Release|iPhone.ActiveCfg = Release|Any CPU
		{5EB95DD5-4261-4F35-BAAA-04A2ABB2552D}.Release|iPhone.Build.0 = Release|Any CPU
		{5EB95DD5-4261-4F35-BAAA-04A2ABB2552D}.Release|iPhone.Deploy.0 = Release|Any CPU
		{5EB95DD5-4261-4F35-BAAA-04A2ABB2552D}.Release|iPhoneSimulator.ActiveCfg = Release|Any CPU
		{5EB95DD5-4261-4F35-BAAA-04A2ABB2552D}.Release|iPhoneSimulator.Build.0 = Release|Any CPU
		{5EB95DD5-4261-4F35-BAAA-04A2ABB2552D}.Release|iPhoneSimulator.Deploy.0 = Release|Any CPU
		{5EB95DD5-4261-4F35-BAAA-04A2ABB2552D}.Release|x64.ActiveCfg = Release|Any CPU
		{5EB95DD5-4261-4F35-BAAA-04A2ABB2552D}.Release|x64.Build.0 = Release|Any CPU
		{5EB95DD5-4261-4F35-BAAA-04A2ABB2552D}.Release|x64.Deploy.0 = Release|Any CPU
		{5EB95DD5-4261-4F35-BAAA-04A2ABB2552D}.Release|x86.ActiveCfg = Release|Any CPU
		{5EB95DD5-4261-4F35-BAAA-04A2ABB2552D}.Release|x86.Build.0 = Release|Any CPU
		{5EB95DD5-4261-4F35-BAAA-04A2ABB2552D}.Release|x86.Deploy.0 = Release|Any CPU
		{1A91CC06-02C6-4BAD-B1A4-F790CEA27637}.Debug|Any CPU.ActiveCfg = Debug|iPhoneSimulator
		{1A91CC06-02C6-4BAD-B1A4-F790CEA27637}.Debug|Any CPU.Build.0 = Debug|iPhoneSimulator
		{1A91CC06-02C6-4BAD-B1A4-F790CEA27637}.Debug|Any CPU.Deploy.0 = Debug|iPhoneSimulator
		{1A91CC06-02C6-4BAD-B1A4-F790CEA27637}.Debug|ARM.ActiveCfg = Debug|iPhoneSimulator
		{1A91CC06-02C6-4BAD-B1A4-F790CEA27637}.Debug|ARM.Build.0 = Debug|iPhoneSimulator
		{1A91CC06-02C6-4BAD-B1A4-F790CEA27637}.Debug|ARM.Deploy.0 = Debug|iPhoneSimulator
		{1A91CC06-02C6-4BAD-B1A4-F790CEA27637}.Debug|iPhone.ActiveCfg = Debug|iPhone
		{1A91CC06-02C6-4BAD-B1A4-F790CEA27637}.Debug|iPhone.Build.0 = Debug|iPhone
		{1A91CC06-02C6-4BAD-B1A4-F790CEA27637}.Debug|iPhone.Deploy.0 = Debug|iPhone
		{1A91CC06-02C6-4BAD-B1A4-F790CEA27637}.Debug|iPhoneSimulator.ActiveCfg = Debug|iPhoneSimulator
		{1A91CC06-02C6-4BAD-B1A4-F790CEA27637}.Debug|iPhoneSimulator.Build.0 = Debug|iPhoneSimulator
		{1A91CC06-02C6-4BAD-B1A4-F790CEA27637}.Debug|iPhoneSimulator.Deploy.0 = Debug|iPhoneSimulator
		{1A91CC06-02C6-4BAD-B1A4-F790CEA27637}.Debug|x64.ActiveCfg = Debug|iPhone
		{1A91CC06-02C6-4BAD-B1A4-F790CEA27637}.Debug|x64.Build.0 = Debug|iPhone
		{1A91CC06-02C6-4BAD-B1A4-F790CEA27637}.Debug|x64.Deploy.0 = Debug|iPhone
		{1A91CC06-02C6-4BAD-B1A4-F790CEA27637}.Debug|x86.ActiveCfg = Debug|iPhoneSimulator
		{1A91CC06-02C6-4BAD-B1A4-F790CEA27637}.Debug|x86.Build.0 = Debug|iPhoneSimulator
		{1A91CC06-02C6-4BAD-B1A4-F790CEA27637}.Debug|x86.Deploy.0 = Debug|iPhoneSimulator
		{1A91CC06-02C6-4BAD-B1A4-F790CEA27637}.Release|Any CPU.ActiveCfg = Release|iPhoneSimulator
		{1A91CC06-02C6-4BAD-B1A4-F790CEA27637}.Release|Any CPU.Build.0 = Release|iPhoneSimulator
		{1A91CC06-02C6-4BAD-B1A4-F790CEA27637}.Release|Any CPU.Deploy.0 = Release|iPhoneSimulator
		{1A91CC06-02C6-4BAD-B1A4-F790CEA27637}.Release|ARM.ActiveCfg = Release|iPhoneSimulator
		{1A91CC06-02C6-4BAD-B1A4-F790CEA27637}.Release|ARM.Build.0 = Release|iPhoneSimulator
		{1A91CC06-02C6-4BAD-B1A4-F790CEA27637}.Release|ARM.Deploy.0 = Release|iPhoneSimulator
		{1A91CC06-02C6-4BAD-B1A4-F790CEA27637}.Release|iPhone.ActiveCfg = Release|iPhone
		{1A91CC06-02C6-4BAD-B1A4-F790CEA27637}.Release|iPhone.Build.0 = Release|iPhone
		{1A91CC06-02C6-4BAD-B1A4-F790CEA27637}.Release|iPhone.Deploy.0 = Release|iPhone
		{1A91CC06-02C6-4BAD-B1A4-F790CEA27637}.Release|iPhoneSimulator.ActiveCfg = Release|iPhoneSimulator
		{1A91CC06-02C6-4BAD-B1A4-F790CEA27637}.Release|iPhoneSimulator.Build.0 = Release|iPhoneSimulator
		{1A91CC06-02C6-4BAD-B1A4-F790CEA27637}.Release|iPhoneSimulator.Deploy.0 = Release|iPhoneSimulator
		{1A91CC06-02C6-4BAD-B1A4-F790CEA27637}.Release|x64.ActiveCfg = Release|iPhoneSimulator
		{1A91CC06-02C6-4BAD-B1A4-F790CEA27637}.Release|x64.Build.0 = Release|iPhoneSimulator
		{1A91CC06-02C6-4BAD-B1A4-F790CEA27637}.Release|x64.Deploy.0 = Release|iPhoneSimulator
		{1A91CC06-02C6-4BAD-B1A4-F790CEA27637}.Release|x86.ActiveCfg = Release|iPhoneSimulator
		{1A91CC06-02C6-4BAD-B1A4-F790CEA27637}.Release|x86.Build.0 = Release|iPhoneSimulator
		{1A91CC06-02C6-4BAD-B1A4-F790CEA27637}.Release|x86.Deploy.0 = Release|iPhoneSimulator
		{6C9AF2B9-7EF9-4AF1-B623-5011DF8A31E0}.Debug|Any CPU.ActiveCfg = Debug|Any CPU
		{6C9AF2B9-7EF9-4AF1-B623-5011DF8A31E0}.Debug|Any CPU.Build.0 = Debug|Any CPU
		{6C9AF2B9-7EF9-4AF1-B623-5011DF8A31E0}.Debug|Any CPU.Deploy.0 = Debug|Any CPU
		{6C9AF2B9-7EF9-4AF1-B623-5011DF8A31E0}.Debug|ARM.ActiveCfg = Debug|Any CPU
		{6C9AF2B9-7EF9-4AF1-B623-5011DF8A31E0}.Debug|ARM.Build.0 = Debug|Any CPU
		{6C9AF2B9-7EF9-4AF1-B623-5011DF8A31E0}.Debug|ARM.Deploy.0 = Debug|Any CPU
		{6C9AF2B9-7EF9-4AF1-B623-5011DF8A31E0}.Debug|iPhone.ActiveCfg = Debug|Any CPU
		{6C9AF2B9-7EF9-4AF1-B623-5011DF8A31E0}.Debug|iPhone.Build.0 = Debug|Any CPU
		{6C9AF2B9-7EF9-4AF1-B623-5011DF8A31E0}.Debug|iPhone.Deploy.0 = Debug|Any CPU
		{6C9AF2B9-7EF9-4AF1-B623-5011DF8A31E0}.Debug|iPhoneSimulator.ActiveCfg = Debug|Any CPU
		{6C9AF2B9-7EF9-4AF1-B623-5011DF8A31E0}.Debug|iPhoneSimulator.Build.0 = Debug|Any CPU
		{6C9AF2B9-7EF9-4AF1-B623-5011DF8A31E0}.Debug|iPhoneSimulator.Deploy.0 = Debug|Any CPU
		{6C9AF2B9-7EF9-4AF1-B623-5011DF8A31E0}.Debug|x64.ActiveCfg = Debug|Any CPU
		{6C9AF2B9-7EF9-4AF1-B623-5011DF8A31E0}.Debug|x64.Build.0 = Debug|Any CPU
		{6C9AF2B9-7EF9-4AF1-B623-5011DF8A31E0}.Debug|x64.Deploy.0 = Debug|Any CPU
		{6C9AF2B9-7EF9-4AF1-B623-5011DF8A31E0}.Debug|x86.ActiveCfg = Debug|Any CPU
		{6C9AF2B9-7EF9-4AF1-B623-5011DF8A31E0}.Debug|x86.Build.0 = Debug|Any CPU
		{6C9AF2B9-7EF9-4AF1-B623-5011DF8A31E0}.Debug|x86.Deploy.0 = Debug|Any CPU
		{6C9AF2B9-7EF9-4AF1-B623-5011DF8A31E0}.Release|Any CPU.ActiveCfg = Release|Any CPU
		{6C9AF2B9-7EF9-4AF1-B623-5011DF8A31E0}.Release|Any CPU.Build.0 = Release|Any CPU
		{6C9AF2B9-7EF9-4AF1-B623-5011DF8A31E0}.Release|Any CPU.Deploy.0 = Release|Any CPU
		{6C9AF2B9-7EF9-4AF1-B623-5011DF8A31E0}.Release|ARM.ActiveCfg = Release|Any CPU
		{6C9AF2B9-7EF9-4AF1-B623-5011DF8A31E0}.Release|ARM.Build.0 = Release|Any CPU
		{6C9AF2B9-7EF9-4AF1-B623-5011DF8A31E0}.Release|ARM.Deploy.0 = Release|Any CPU
		{6C9AF2B9-7EF9-4AF1-B623-5011DF8A31E0}.Release|iPhone.ActiveCfg = Release|Any CPU
		{6C9AF2B9-7EF9-4AF1-B623-5011DF8A31E0}.Release|iPhone.Build.0 = Release|Any CPU
		{6C9AF2B9-7EF9-4AF1-B623-5011DF8A31E0}.Release|iPhone.Deploy.0 = Release|Any CPU
		{6C9AF2B9-7EF9-4AF1-B623-5011DF8A31E0}.Release|iPhoneSimulator.ActiveCfg = Release|Any CPU
		{6C9AF2B9-7EF9-4AF1-B623-5011DF8A31E0}.Release|iPhoneSimulator.Build.0 = Release|Any CPU
		{6C9AF2B9-7EF9-4AF1-B623-5011DF8A31E0}.Release|iPhoneSimulator.Deploy.0 = Release|Any CPU
		{6C9AF2B9-7EF9-4AF1-B623-5011DF8A31E0}.Release|x64.ActiveCfg = Release|Any CPU
		{6C9AF2B9-7EF9-4AF1-B623-5011DF8A31E0}.Release|x64.Build.0 = Release|Any CPU
		{6C9AF2B9-7EF9-4AF1-B623-5011DF8A31E0}.Release|x64.Deploy.0 = Release|Any CPU
		{6C9AF2B9-7EF9-4AF1-B623-5011DF8A31E0}.Release|x86.ActiveCfg = Release|Any CPU
		{6C9AF2B9-7EF9-4AF1-B623-5011DF8A31E0}.Release|x86.Build.0 = Release|Any CPU
		{6C9AF2B9-7EF9-4AF1-B623-5011DF8A31E0}.Release|x86.Deploy.0 = Release|Any CPU
		{0BBA3F4F-9DDC-4AC9-99E5-C4B8F894451C}.Debug|Any CPU.ActiveCfg = Debug|Any CPU
		{0BBA3F4F-9DDC-4AC9-99E5-C4B8F894451C}.Debug|Any CPU.Build.0 = Debug|Any CPU
		{0BBA3F4F-9DDC-4AC9-99E5-C4B8F894451C}.Debug|ARM.ActiveCfg = Debug|Any CPU
		{0BBA3F4F-9DDC-4AC9-99E5-C4B8F894451C}.Debug|ARM.Build.0 = Debug|Any CPU
		{0BBA3F4F-9DDC-4AC9-99E5-C4B8F894451C}.Debug|iPhone.ActiveCfg = Debug|Any CPU
		{0BBA3F4F-9DDC-4AC9-99E5-C4B8F894451C}.Debug|iPhone.Build.0 = Debug|Any CPU
		{0BBA3F4F-9DDC-4AC9-99E5-C4B8F894451C}.Debug|iPhoneSimulator.ActiveCfg = Debug|Any CPU
		{0BBA3F4F-9DDC-4AC9-99E5-C4B8F894451C}.Debug|iPhoneSimulator.Build.0 = Debug|Any CPU
		{0BBA3F4F-9DDC-4AC9-99E5-C4B8F894451C}.Debug|x64.ActiveCfg = Debug|Any CPU
		{0BBA3F4F-9DDC-4AC9-99E5-C4B8F894451C}.Debug|x64.Build.0 = Debug|Any CPU
		{0BBA3F4F-9DDC-4AC9-99E5-C4B8F894451C}.Debug|x86.ActiveCfg = Debug|Any CPU
		{0BBA3F4F-9DDC-4AC9-99E5-C4B8F894451C}.Debug|x86.Build.0 = Debug|Any CPU
		{0BBA3F4F-9DDC-4AC9-99E5-C4B8F894451C}.Release|Any CPU.ActiveCfg = Release|Any CPU
		{0BBA3F4F-9DDC-4AC9-99E5-C4B8F894451C}.Release|Any CPU.Build.0 = Release|Any CPU
		{0BBA3F4F-9DDC-4AC9-99E5-C4B8F894451C}.Release|ARM.ActiveCfg = Release|Any CPU
		{0BBA3F4F-9DDC-4AC9-99E5-C4B8F894451C}.Release|ARM.Build.0 = Release|Any CPU
		{0BBA3F4F-9DDC-4AC9-99E5-C4B8F894451C}.Release|iPhone.ActiveCfg = Release|Any CPU
		{0BBA3F4F-9DDC-4AC9-99E5-C4B8F894451C}.Release|iPhone.Build.0 = Release|Any CPU
		{0BBA3F4F-9DDC-4AC9-99E5-C4B8F894451C}.Release|iPhoneSimulator.ActiveCfg = Release|Any CPU
		{0BBA3F4F-9DDC-4AC9-99E5-C4B8F894451C}.Release|iPhoneSimulator.Build.0 = Release|Any CPU
		{0BBA3F4F-9DDC-4AC9-99E5-C4B8F894451C}.Release|x64.ActiveCfg = Release|Any CPU
		{0BBA3F4F-9DDC-4AC9-99E5-C4B8F894451C}.Release|x64.Build.0 = Release|Any CPU
		{0BBA3F4F-9DDC-4AC9-99E5-C4B8F894451C}.Release|x86.ActiveCfg = Release|Any CPU
		{0BBA3F4F-9DDC-4AC9-99E5-C4B8F894451C}.Release|x86.Build.0 = Release|Any CPU
		{4D4FBB6F-86F5-4019-A0AD-FE64432A53DF}.Debug|Any CPU.ActiveCfg = Debug|Any CPU
		{4D4FBB6F-86F5-4019-A0AD-FE64432A53DF}.Debug|Any CPU.Build.0 = Debug|Any CPU
		{4D4FBB6F-86F5-4019-A0AD-FE64432A53DF}.Debug|ARM.ActiveCfg = Debug|Any CPU
		{4D4FBB6F-86F5-4019-A0AD-FE64432A53DF}.Debug|ARM.Build.0 = Debug|Any CPU
		{4D4FBB6F-86F5-4019-A0AD-FE64432A53DF}.Debug|iPhone.ActiveCfg = Debug|Any CPU
		{4D4FBB6F-86F5-4019-A0AD-FE64432A53DF}.Debug|iPhone.Build.0 = Debug|Any CPU
		{4D4FBB6F-86F5-4019-A0AD-FE64432A53DF}.Debug|iPhoneSimulator.ActiveCfg = Debug|Any CPU
		{4D4FBB6F-86F5-4019-A0AD-FE64432A53DF}.Debug|iPhoneSimulator.Build.0 = Debug|Any CPU
		{4D4FBB6F-86F5-4019-A0AD-FE64432A53DF}.Debug|x64.ActiveCfg = Debug|Any CPU
		{4D4FBB6F-86F5-4019-A0AD-FE64432A53DF}.Debug|x64.Build.0 = Debug|Any CPU
		{4D4FBB6F-86F5-4019-A0AD-FE64432A53DF}.Debug|x86.ActiveCfg = Debug|Any CPU
		{4D4FBB6F-86F5-4019-A0AD-FE64432A53DF}.Debug|x86.Build.0 = Debug|Any CPU
		{4D4FBB6F-86F5-4019-A0AD-FE64432A53DF}.Release|Any CPU.ActiveCfg = Release|Any CPU
		{4D4FBB6F-86F5-4019-A0AD-FE64432A53DF}.Release|Any CPU.Build.0 = Release|Any CPU
		{4D4FBB6F-86F5-4019-A0AD-FE64432A53DF}.Release|ARM.ActiveCfg = Release|Any CPU
		{4D4FBB6F-86F5-4019-A0AD-FE64432A53DF}.Release|ARM.Build.0 = Release|Any CPU
		{4D4FBB6F-86F5-4019-A0AD-FE64432A53DF}.Release|iPhone.ActiveCfg = Release|Any CPU
		{4D4FBB6F-86F5-4019-A0AD-FE64432A53DF}.Release|iPhone.Build.0 = Release|Any CPU
		{4D4FBB6F-86F5-4019-A0AD-FE64432A53DF}.Release|iPhoneSimulator.ActiveCfg = Release|Any CPU
		{4D4FBB6F-86F5-4019-A0AD-FE64432A53DF}.Release|iPhoneSimulator.Build.0 = Release|Any CPU
		{4D4FBB6F-86F5-4019-A0AD-FE64432A53DF}.Release|x64.ActiveCfg = Release|Any CPU
		{4D4FBB6F-86F5-4019-A0AD-FE64432A53DF}.Release|x64.Build.0 = Release|Any CPU
		{4D4FBB6F-86F5-4019-A0AD-FE64432A53DF}.Release|x86.ActiveCfg = Release|Any CPU
		{4D4FBB6F-86F5-4019-A0AD-FE64432A53DF}.Release|x86.Build.0 = Release|Any CPU
	EndGlobalSection
	GlobalSection(SolutionProperties) = preSolution
		HideSolutionNode = FALSE
	EndGlobalSection
	GlobalSection(ExtensibilityGlobals) = postSolution
		SolutionGuid = {39E591BD-EEC9-4B08-809D-78BD96650581}
	EndGlobalSection
EndGlobal
